
Microsoft Visual Studio Solution File, Format Version 12.00
# Visual Studio 2013
VisualStudioVersion = 12.0.31101.0
MinimumVisualStudioVersion = 10.0.40219.1
Project("{2150E333-8FDC-42A3-9474-1A3956D46DE8}") = "Business", "Business", "{56B586AB-C5C8-48FB-8CBA-EB702492412C}"
EndProject
Project("{2150E333-8FDC-42A3-9474-1A3956D46DE8}") = "Client", "Client", "{1F85B28B-B686-44EC-8004-09E1CDEEE3C3}"
EndProject
Project("{2150E333-8FDC-42A3-9474-1A3956D46DE8}") = "Core", "Core", "{248B2B9E-49B5-4906-AFA5-C1C2EEC6BB1D}"
EndProject
Project("{FAE04EC0-301F-11D3-BF4B-00C04F79EFBC}") = "Core.Common.Contracts", "..\Core\Core.Common.Contracts\Core.Common.Contracts.csproj", "{B4C1331E-A761-45A4-9C75-AB4D2B36F5D5}"
EndProject
Project("{FAE04EC0-301F-11D3-BF4B-00C04F79EFBC}") = "Core.Common", "..\Core\Core.Common\Core.Common.csproj", "{B5C01DE3-2B10-4787-992A-8C6368227B58}"
EndProject
Project("{2150E333-8FDC-42A3-9474-1A3956D46DE8}") = "Tests", "Tests", "{ACE15670-2C12-4D0D-97CF-AE4975756F35}"
EndProject
Project("{FAE04EC0-301F-11D3-BF4B-00C04F79EFBC}") = "Core.Common.Tests", "..\Core\Core.Common.Tests\Core.Common.Tests.csproj", "{3BF58A22-F9C2-4CAB-9645-CC599BEB76DC}"
EndProject
Project("{2150E333-8FDC-42A3-9474-1A3956D46DE8}") = "Resource Access", "Resource Access", "{238293AC-729E-40A8-8957-895EFAD2B2B5}"
EndProject
Project("{FAE04EC0-301F-11D3-BF4B-00C04F79EFBC}") = "MMC.Data", "MMC.Data\MMC.Data.csproj", "{D15464DF-FACC-4136-B26F-612A97C7C00F}"
EndProject
Project("{FAE04EC0-301F-11D3-BF4B-00C04F79EFBC}") = "MMC.Client.Entities", "MMC.Client.Entities\MMC.Client.Entities.csproj", "{ADCC6638-5E44-4BE4-832B-424E45DF1E78}"
EndProject
Project("{FAE04EC0-301F-11D3-BF4B-00C04F79EFBC}") = "MMC.Business.Entities", "MMC.Business.Entities\MMC.Business.Entities.csproj", "{081D1274-EB56-42FE-9ED2-6C949639336F}"
EndProject
Project("{FAE04EC0-301F-11D3-BF4B-00C04F79EFBC}") = "MMC.Data.Tests", "MMC.Data.Tests\MMC.Data.Tests.csproj", "{0C3B4DEB-F695-410B-8189-83C4F5300870}"
EndProject
Project("{FAE04EC0-301F-11D3-BF4B-00C04F79EFBC}") = "MMC.Data.Contracts", "MMC.Data.Contracts\MMC.Data.Contracts.csproj", "{94B49C13-2A6F-4D32-91AD-22D8583369DB}"
EndProject
Project("{FAE04EC0-301F-11D3-BF4B-00C04F79EFBC}") = "MMC.Business.Bootstrapper", "MMC.Business.Bootstrapper\MMC.Business.Bootstrapper.csproj", "{BB4934A5-C90B-4990-A5D6-BDECD9D5BA32}"
EndProject
Project("{FAE04EC0-301F-11D3-BF4B-00C04F79EFBC}") = "MMC.Business.Contracts", "MMC.Business.Contracts\MMC.Business.Contracts.csproj", "{EEDB0279-F944-41D3-96F9-C0E350A6E933}"
EndProject
Project("{FAE04EC0-301F-11D3-BF4B-00C04F79EFBC}") = "MMC.Business.Managers", "MMC.Business.Managers\MMC.Business.Managers.csproj", "{FE3ED0CF-28B9-4C4C-B7AB-BDA86F105485}"
EndProject
Project("{FAE04EC0-301F-11D3-BF4B-00C04F79EFBC}") = "MMC.Business", "MMC.Business\MMC.Business.csproj", "{8C701F5F-522F-4956-A1A9-B61D2A8DD0C4}"
EndProject
Project("{FAE04EC0-301F-11D3-BF4B-00C04F79EFBC}") = "MMC.Business.Common", "MMC.Business.Common\MMC.Business.Common.csproj", "{5734F4FB-AE72-4984-B412-6C17C94201B7}"
EndProject
Project("{2150E333-8FDC-42A3-9474-1A3956D46DE8}") = "Common", "Common", "{6AF1473E-4EE8-4AFE-946C-EC7C01635518}"
EndProject
Project("{FAE04EC0-301F-11D3-BF4B-00C04F79EFBC}") = "MMC.Common", "MMC.Common\MMC.Common.csproj", "{B5028BEC-19E5-4289-B590-5AF9B2275AAE}"
EndProject
Project("{FAE04EC0-301F-11D3-BF4B-00C04F79EFBC}") = "MMC.Common.Contracts", "MMC.Common.Contracts\MMC.Common.Contracts.csproj", "{AE082BBD-950C-4F06-8703-4E0F60EF86F5}"
EndProject
Project("{FAE04EC0-301F-11D3-BF4B-00C04F79EFBC}") = "Core.Common.ServiceModel", "..\Core\Core.Common.ServiceModel\Core.Common.ServiceModel.csproj", "{97A84AF9-503D-4EFD-A064-9EF3AB944B0B}"
EndProject
Project("{FAE04EC0-301F-11D3-BF4B-00C04F79EFBC}") = "MMC.Business.Tests", "MMC.Business.Tests\MMC.Business.Tests.csproj", "{410AFE40-BBA9-4DE1-A1B2-B3BA2198BD94}"
EndProject
Project("{2150E333-8FDC-42A3-9474-1A3956D46DE8}") = "Hosting", "Hosting", "{B5391216-E9DE-4D64-94EF-F08C2DA5C596}"
EndProject
Project("{FAE04EC0-301F-11D3-BF4B-00C04F79EFBC}") = "MMC.ServiceHost.Console", "MMC.ServiceHost.Console\MMC.ServiceHost.Console.csproj", "{7504F531-752E-4BF6-81D2-EAD9A7BF110F}"
EndProject
Project("{FAE04EC0-301F-11D3-BF4B-00C04F79EFBC}") = "MMC.ServiceHost.Tests", "MMC.ServiceHost.Tests\MMC.ServiceHost.Tests.csproj", "{8D067FF2-C5D3-4395-B65B-2F893F24DB34}"
EndProject
Project("{FAE04EC0-301F-11D3-BF4B-00C04F79EFBC}") = "MMC.Client.Contracts", "MMC.Client.Contracts\MMC.Client.Contracts.csproj", "{1F1AA9CB-3ED4-40AB-B7FE-099E58D5FDD5}"
EndProject
Project("{FAE04EC0-301F-11D3-BF4B-00C04F79EFBC}") = "MMC.Client.Bootstrapper", "MMC.Client.Bootstrapper\MMC.Client.Bootstrapper.csproj", "{8CBB4E86-2B01-404B-8AA1-D476BDEF78D2}"
EndProject
Project("{FAE04EC0-301F-11D3-BF4B-00C04F79EFBC}") = "MMC.Client.Proxies", "MMC.Client.Proxies\MMC.Client.Proxies.csproj", "{FB19C92E-EB35-4306-9C20-5036AD0E5FD3}"
EndProject
Project("{FAE04EC0-301F-11D3-BF4B-00C04F79EFBC}") = "MMC.Client.Proxies.Tests", "MMC.Client.Proxies.Tests\MMC.Client.Proxies.Tests.csproj", "{3852FB4F-1EA5-40FE-AEF5-EF4F7FBABEBD}"
EndProject
Project("{FAE04EC0-301F-11D3-BF4B-00C04F79EFBC}") = "MMC.Web", "MMC.Web\MMC.Web.csproj", "{825E53B9-9A88-4AF5-942F-D903941FD4E2}"
EndProject
Project("{FAE04EC0-301F-11D3-BF4B-00C04F79EFBC}") = "MMC.Web.Tests", "MMC.Web.Tests\MMC.Web.Tests.csproj", "{5B2D3BD2-7564-4513-935D-ECD6408FF896}"
EndProject
Project("{FAE04EC0-301F-11D3-BF4B-00C04F79EFBC}") = "MMC.Web.Contracts", "MMC.Web.Contracts\MMC.Web.Contracts.csproj", "{60743929-0D2E-408F-A283-A86841671AB1}"
EndProject
Project("{FAE04EC0-301F-11D3-BF4B-00C04F79EFBC}") = "MMC.Web.Model", "MMC.Web.Model\MMC.Web.Model.csproj", "{15099144-586D-471F-A030-D734D193A5AD}"
EndProject
Global
	GlobalSection(SolutionConfigurationPlatforms) = preSolution
		Debug|Any CPU = Debug|Any CPU
		Release|Any CPU = Release|Any CPU
	EndGlobalSection
	GlobalSection(ProjectConfigurationPlatforms) = postSolution
		{B4C1331E-A761-45A4-9C75-AB4D2B36F5D5}.Debug|Any CPU.ActiveCfg = Debug|Any CPU
		{B4C1331E-A761-45A4-9C75-AB4D2B36F5D5}.Debug|Any CPU.Build.0 = Debug|Any CPU
		{B4C1331E-A761-45A4-9C75-AB4D2B36F5D5}.Release|Any CPU.ActiveCfg = Release|Any CPU
		{B4C1331E-A761-45A4-9C75-AB4D2B36F5D5}.Release|Any CPU.Build.0 = Release|Any CPU
		{B5C01DE3-2B10-4787-992A-8C6368227B58}.Debug|Any CPU.ActiveCfg = Debug|Any CPU
		{B5C01DE3-2B10-4787-992A-8C6368227B58}.Debug|Any CPU.Build.0 = Debug|Any CPU
		{B5C01DE3-2B10-4787-992A-8C6368227B58}.Release|Any CPU.ActiveCfg = Release|Any CPU
		{B5C01DE3-2B10-4787-992A-8C6368227B58}.Release|Any CPU.Build.0 = Release|Any CPU
		{3BF58A22-F9C2-4CAB-9645-CC599BEB76DC}.Debug|Any CPU.ActiveCfg = Debug|Any CPU
		{3BF58A22-F9C2-4CAB-9645-CC599BEB76DC}.Debug|Any CPU.Build.0 = Debug|Any CPU
		{3BF58A22-F9C2-4CAB-9645-CC599BEB76DC}.Release|Any CPU.ActiveCfg = Release|Any CPU
		{3BF58A22-F9C2-4CAB-9645-CC599BEB76DC}.Release|Any CPU.Build.0 = Release|Any CPU
		{D15464DF-FACC-4136-B26F-612A97C7C00F}.Debug|Any CPU.ActiveCfg = Debug|Any CPU
		{D15464DF-FACC-4136-B26F-612A97C7C00F}.Debug|Any CPU.Build.0 = Debug|Any CPU
		{D15464DF-FACC-4136-B26F-612A97C7C00F}.Release|Any CPU.ActiveCfg = Release|Any CPU
		{D15464DF-FACC-4136-B26F-612A97C7C00F}.Release|Any CPU.Build.0 = Release|Any CPU
		{ADCC6638-5E44-4BE4-832B-424E45DF1E78}.Debug|Any CPU.ActiveCfg = Debug|Any CPU
		{ADCC6638-5E44-4BE4-832B-424E45DF1E78}.Debug|Any CPU.Build.0 = Debug|Any CPU
		{ADCC6638-5E44-4BE4-832B-424E45DF1E78}.Release|Any CPU.ActiveCfg = Release|Any CPU
		{ADCC6638-5E44-4BE4-832B-424E45DF1E78}.Release|Any CPU.Build.0 = Release|Any CPU
		{081D1274-EB56-42FE-9ED2-6C949639336F}.Debug|Any CPU.ActiveCfg = Debug|Any CPU
		{081D1274-EB56-42FE-9ED2-6C949639336F}.Debug|Any CPU.Build.0 = Debug|Any CPU
		{081D1274-EB56-42FE-9ED2-6C949639336F}.Release|Any CPU.ActiveCfg = Release|Any CPU
		{081D1274-EB56-42FE-9ED2-6C949639336F}.Release|Any CPU.Build.0 = Release|Any CPU
		{0C3B4DEB-F695-410B-8189-83C4F5300870}.Debug|Any CPU.ActiveCfg = Debug|Any CPU
		{0C3B4DEB-F695-410B-8189-83C4F5300870}.Debug|Any CPU.Build.0 = Debug|Any CPU
		{0C3B4DEB-F695-410B-8189-83C4F5300870}.Release|Any CPU.ActiveCfg = Release|Any CPU
		{0C3B4DEB-F695-410B-8189-83C4F5300870}.Release|Any CPU.Build.0 = Release|Any CPU
		{94B49C13-2A6F-4D32-91AD-22D8583369DB}.Debug|Any CPU.ActiveCfg = Debug|Any CPU
		{94B49C13-2A6F-4D32-91AD-22D8583369DB}.Debug|Any CPU.Build.0 = Debug|Any CPU
		{94B49C13-2A6F-4D32-91AD-22D8583369DB}.Release|Any CPU.ActiveCfg = Release|Any CPU
		{94B49C13-2A6F-4D32-91AD-22D8583369DB}.Release|Any CPU.Build.0 = Release|Any CPU
		{BB4934A5-C90B-4990-A5D6-BDECD9D5BA32}.Debug|Any CPU.ActiveCfg = Debug|Any CPU
		{BB4934A5-C90B-4990-A5D6-BDECD9D5BA32}.Debug|Any CPU.Build.0 = Debug|Any CPU
		{BB4934A5-C90B-4990-A5D6-BDECD9D5BA32}.Release|Any CPU.ActiveCfg = Release|Any CPU
		{BB4934A5-C90B-4990-A5D6-BDECD9D5BA32}.Release|Any CPU.Build.0 = Release|Any CPU
		{EEDB0279-F944-41D3-96F9-C0E350A6E933}.Debug|Any CPU.ActiveCfg = Debug|Any CPU
		{EEDB0279-F944-41D3-96F9-C0E350A6E933}.Debug|Any CPU.Build.0 = Debug|Any CPU
		{EEDB0279-F944-41D3-96F9-C0E350A6E933}.Release|Any CPU.ActiveCfg = Release|Any CPU
		{EEDB0279-F944-41D3-96F9-C0E350A6E933}.Release|Any CPU.Build.0 = Release|Any CPU
		{FE3ED0CF-28B9-4C4C-B7AB-BDA86F105485}.Debug|Any CPU.ActiveCfg = Debug|Any CPU
		{FE3ED0CF-28B9-4C4C-B7AB-BDA86F105485}.Debug|Any CPU.Build.0 = Debug|Any CPU
		{FE3ED0CF-28B9-4C4C-B7AB-BDA86F105485}.Release|Any CPU.ActiveCfg = Release|Any CPU
		{FE3ED0CF-28B9-4C4C-B7AB-BDA86F105485}.Release|Any CPU.Build.0 = Release|Any CPU
		{8C701F5F-522F-4956-A1A9-B61D2A8DD0C4}.Debug|Any CPU.ActiveCfg = Debug|Any CPU
		{8C701F5F-522F-4956-A1A9-B61D2A8DD0C4}.Debug|Any CPU.Build.0 = Debug|Any CPU
		{8C701F5F-522F-4956-A1A9-B61D2A8DD0C4}.Release|Any CPU.ActiveCfg = Release|Any CPU
		{8C701F5F-522F-4956-A1A9-B61D2A8DD0C4}.Release|Any CPU.Build.0 = Release|Any CPU
		{5734F4FB-AE72-4984-B412-6C17C94201B7}.Debug|Any CPU.ActiveCfg = Debug|Any CPU
		{5734F4FB-AE72-4984-B412-6C17C94201B7}.Debug|Any CPU.Build.0 = Debug|Any CPU
		{5734F4FB-AE72-4984-B412-6C17C94201B7}.Release|Any CPU.ActiveCfg = Release|Any CPU
		{5734F4FB-AE72-4984-B412-6C17C94201B7}.Release|Any CPU.Build.0 = Release|Any CPU
		{B5028BEC-19E5-4289-B590-5AF9B2275AAE}.Debug|Any CPU.ActiveCfg = Debug|Any CPU
		{B5028BEC-19E5-4289-B590-5AF9B2275AAE}.Debug|Any CPU.Build.0 = Debug|Any CPU
		{B5028BEC-19E5-4289-B590-5AF9B2275AAE}.Release|Any CPU.ActiveCfg = Release|Any CPU
		{B5028BEC-19E5-4289-B590-5AF9B2275AAE}.Release|Any CPU.Build.0 = Release|Any CPU
		{AE082BBD-950C-4F06-8703-4E0F60EF86F5}.Debug|Any CPU.ActiveCfg = Debug|Any CPU
		{AE082BBD-950C-4F06-8703-4E0F60EF86F5}.Debug|Any CPU.Build.0 = Debug|Any CPU
		{AE082BBD-950C-4F06-8703-4E0F60EF86F5}.Release|Any CPU.ActiveCfg = Release|Any CPU
		{AE082BBD-950C-4F06-8703-4E0F60EF86F5}.Release|Any CPU.Build.0 = Release|Any CPU
		{97A84AF9-503D-4EFD-A064-9EF3AB944B0B}.Debug|Any CPU.ActiveCfg = Debug|Any CPU
		{97A84AF9-503D-4EFD-A064-9EF3AB944B0B}.Debug|Any CPU.Build.0 = Debug|Any CPU
		{97A84AF9-503D-4EFD-A064-9EF3AB944B0B}.Release|Any CPU.ActiveCfg = Release|Any CPU
		{97A84AF9-503D-4EFD-A064-9EF3AB944B0B}.Release|Any CPU.Build.0 = Release|Any CPU
		{410AFE40-BBA9-4DE1-A1B2-B3BA2198BD94}.Debug|Any CPU.ActiveCfg = Debug|Any CPU
		{410AFE40-BBA9-4DE1-A1B2-B3BA2198BD94}.Debug|Any CPU.Build.0 = Debug|Any CPU
		{410AFE40-BBA9-4DE1-A1B2-B3BA2198BD94}.Release|Any CPU.ActiveCfg = Release|Any CPU
		{410AFE40-BBA9-4DE1-A1B2-B3BA2198BD94}.Release|Any CPU.Build.0 = Release|Any CPU
		{7504F531-752E-4BF6-81D2-EAD9A7BF110F}.Debug|Any CPU.ActiveCfg = Debug|Any CPU
		{7504F531-752E-4BF6-81D2-EAD9A7BF110F}.Debug|Any CPU.Build.0 = Debug|Any CPU
		{7504F531-752E-4BF6-81D2-EAD9A7BF110F}.Release|Any CPU.ActiveCfg = Release|Any CPU
		{7504F531-752E-4BF6-81D2-EAD9A7BF110F}.Release|Any CPU.Build.0 = Release|Any CPU
		{8D067FF2-C5D3-4395-B65B-2F893F24DB34}.Debug|Any CPU.ActiveCfg = Debug|Any CPU
		{8D067FF2-C5D3-4395-B65B-2F893F24DB34}.Debug|Any CPU.Build.0 = Debug|Any CPU
		{8D067FF2-C5D3-4395-B65B-2F893F24DB34}.Release|Any CPU.ActiveCfg = Release|Any CPU
		{8D067FF2-C5D3-4395-B65B-2F893F24DB34}.Release|Any CPU.Build.0 = Release|Any CPU
		{1F1AA9CB-3ED4-40AB-B7FE-099E58D5FDD5}.Debug|Any CPU.ActiveCfg = Debug|Any CPU
		{1F1AA9CB-3ED4-40AB-B7FE-099E58D5FDD5}.Debug|Any CPU.Build.0 = Debug|Any CPU
		{1F1AA9CB-3ED4-40AB-B7FE-099E58D5FDD5}.Release|Any CPU.ActiveCfg = Release|Any CPU
		{1F1AA9CB-3ED4-40AB-B7FE-099E58D5FDD5}.Release|Any CPU.Build.0 = Release|Any CPU
		{8CBB4E86-2B01-404B-8AA1-D476BDEF78D2}.Debug|Any CPU.ActiveCfg = Debug|Any CPU
		{8CBB4E86-2B01-404B-8AA1-D476BDEF78D2}.Debug|Any CPU.Build.0 = Debug|Any CPU
		{8CBB4E86-2B01-404B-8AA1-D476BDEF78D2}.Release|Any CPU.ActiveCfg = Release|Any CPU
		{8CBB4E86-2B01-404B-8AA1-D476BDEF78D2}.Release|Any CPU.Build.0 = Release|Any CPU
		{FB19C92E-EB35-4306-9C20-5036AD0E5FD3}.Debug|Any CPU.ActiveCfg = Debug|Any CPU
		{FB19C92E-EB35-4306-9C20-5036AD0E5FD3}.Debug|Any CPU.Build.0 = Debug|Any CPU
		{FB19C92E-EB35-4306-9C20-5036AD0E5FD3}.Release|Any CPU.ActiveCfg = Release|Any CPU
		{FB19C92E-EB35-4306-9C20-5036AD0E5FD3}.Release|Any CPU.Build.0 = Release|Any CPU
		{3852FB4F-1EA5-40FE-AEF5-EF4F7FBABEBD}.Debug|Any CPU.ActiveCfg = Debug|Any CPU
		{3852FB4F-1EA5-40FE-AEF5-EF4F7FBABEBD}.Debug|Any CPU.Build.0 = Debug|Any CPU
		{3852FB4F-1EA5-40FE-AEF5-EF4F7FBABEBD}.Release|Any CPU.ActiveCfg = Release|Any CPU
		{3852FB4F-1EA5-40FE-AEF5-EF4F7FBABEBD}.Release|Any CPU.Build.0 = Release|Any CPU
		{825E53B9-9A88-4AF5-942F-D903941FD4E2}.Debug|Any CPU.ActiveCfg = Debug|Any CPU
		{825E53B9-9A88-4AF5-942F-D903941FD4E2}.Debug|Any CPU.Build.0 = Debug|Any CPU
		{825E53B9-9A88-4AF5-942F-D903941FD4E2}.Release|Any CPU.ActiveCfg = Release|Any CPU
		{825E53B9-9A88-4AF5-942F-D903941FD4E2}.Release|Any CPU.Build.0 = Release|Any CPU
		{5B2D3BD2-7564-4513-935D-ECD6408FF896}.Debug|Any CPU.ActiveCfg = Debug|Any CPU
		{5B2D3BD2-7564-4513-935D-ECD6408FF896}.Debug|Any CPU.Build.0 = Debug|Any CPU
		{5B2D3BD2-7564-4513-935D-ECD6408FF896}.Release|Any CPU.ActiveCfg = Release|Any CPU
		{5B2D3BD2-7564-4513-935D-ECD6408FF896}.Release|Any CPU.Build.0 = Release|Any CPU
		{60743929-0D2E-408F-A283-A86841671AB1}.Debug|Any CPU.ActiveCfg = Debug|Any CPU
		{60743929-0D2E-408F-A283-A86841671AB1}.Debug|Any CPU.Build.0 = Debug|Any CPU
		{60743929-0D2E-408F-A283-A86841671AB1}.Release|Any CPU.ActiveCfg = Release|Any CPU
		{60743929-0D2E-408F-A283-A86841671AB1}.Release|Any CPU.Build.0 = Release|Any CPU
		{15099144-586D-471F-A030-D734D193A5AD}.Debug|Any CPU.ActiveCfg = Debug|Any CPU
		{15099144-586D-471F-A030-D734D193A5AD}.Debug|Any CPU.Build.0 = Debug|Any CPU
		{15099144-586D-471F-A030-D734D193A5AD}.Release|Any CPU.ActiveCfg = Release|Any CPU
		{15099144-586D-471F-A030-D734D193A5AD}.Release|Any CPU.Build.0 = Release|Any CPU
	EndGlobalSection
	GlobalSection(SolutionProperties) = preSolution
		HideSolutionNode = FALSE
	EndGlobalSection
	GlobalSection(NestedProjects) = preSolution
		{B4C1331E-A761-45A4-9C75-AB4D2B36F5D5} = {248B2B9E-49B5-4906-AFA5-C1C2EEC6BB1D}
		{B5C01DE3-2B10-4787-992A-8C6368227B58} = {248B2B9E-49B5-4906-AFA5-C1C2EEC6BB1D}
		{3BF58A22-F9C2-4CAB-9645-CC599BEB76DC} = {ACE15670-2C12-4D0D-97CF-AE4975756F35}
		{D15464DF-FACC-4136-B26F-612A97C7C00F} = {238293AC-729E-40A8-8957-895EFAD2B2B5}
		{ADCC6638-5E44-4BE4-832B-424E45DF1E78} = {1F85B28B-B686-44EC-8004-09E1CDEEE3C3}
		{081D1274-EB56-42FE-9ED2-6C949639336F} = {56B586AB-C5C8-48FB-8CBA-EB702492412C}
		{0C3B4DEB-F695-410B-8189-83C4F5300870} = {ACE15670-2C12-4D0D-97CF-AE4975756F35}
		{94B49C13-2A6F-4D32-91AD-22D8583369DB} = {238293AC-729E-40A8-8957-895EFAD2B2B5}
		{BB4934A5-C90B-4990-A5D6-BDECD9D5BA32} = {56B586AB-C5C8-48FB-8CBA-EB702492412C}
		{EEDB0279-F944-41D3-96F9-C0E350A6E933} = {56B586AB-C5C8-48FB-8CBA-EB702492412C}
		{FE3ED0CF-28B9-4C4C-B7AB-BDA86F105485} = {56B586AB-C5C8-48FB-8CBA-EB702492412C}
		{8C701F5F-522F-4956-A1A9-B61D2A8DD0C4} = {56B586AB-C5C8-48FB-8CBA-EB702492412C}
		{5734F4FB-AE72-4984-B412-6C17C94201B7} = {56B586AB-C5C8-48FB-8CBA-EB702492412C}
		{B5028BEC-19E5-4289-B590-5AF9B2275AAE} = {6AF1473E-4EE8-4AFE-946C-EC7C01635518}
		{AE082BBD-950C-4F06-8703-4E0F60EF86F5} = {6AF1473E-4EE8-4AFE-946C-EC7C01635518}
		{97A84AF9-503D-4EFD-A064-9EF3AB944B0B} = {248B2B9E-49B5-4906-AFA5-C1C2EEC6BB1D}
		{410AFE40-BBA9-4DE1-A1B2-B3BA2198BD94} = {ACE15670-2C12-4D0D-97CF-AE4975756F35}
		{7504F531-752E-4BF6-81D2-EAD9A7BF110F} = {B5391216-E9DE-4D64-94EF-F08C2DA5C596}
		{8D067FF2-C5D3-4395-B65B-2F893F24DB34} = {ACE15670-2C12-4D0D-97CF-AE4975756F35}
		{1F1AA9CB-3ED4-40AB-B7FE-099E58D5FDD5} = {1F85B28B-B686-44EC-8004-09E1CDEEE3C3}
		{8CBB4E86-2B01-404B-8AA1-D476BDEF78D2} = {1F85B28B-B686-44EC-8004-09E1CDEEE3C3}
		{FB19C92E-EB35-4306-9C20-5036AD0E5FD3} = {1F85B28B-B686-44EC-8004-09E1CDEEE3C3}
		{3852FB4F-1EA5-40FE-AEF5-EF4F7FBABEBD} = {ACE15670-2C12-4D0D-97CF-AE4975756F35}
		{825E53B9-9A88-4AF5-942F-D903941FD4E2} = {B5391216-E9DE-4D64-94EF-F08C2DA5C596}
		{5B2D3BD2-7564-4513-935D-ECD6408FF896} = {ACE15670-2C12-4D0D-97CF-AE4975756F35}
		{60743929-0D2E-408F-A283-A86841671AB1} = {B5391216-E9DE-4D64-94EF-F08C2DA5C596}
		{15099144-586D-471F-A030-D734D193A5AD} = {B5391216-E9DE-4D64-94EF-F08C2DA5C596}
	EndGlobalSection
EndGlobal
