
Microsoft Visual Studio Solution File, Format Version 12.00
# Visual Studio 2013
VisualStudioVersion = 12.0.31101.0
MinimumVisualStudioVersion = 10.0.40219.1
Project("{FAE04EC0-301F-11D3-BF4B-00C04F79EFBC}") = "MMC.Professional", "MMC.Professional\MMC.Professional.csproj", "{F17C1A1B-086A-4FBF-92D4-DC75E4E8E3FA}"
EndProject
Project("{FAE04EC0-301F-11D3-BF4B-00C04F79EFBC}") = "MMC.Professional.Tests", "MMC.Professional.Tests\MMC.Professional.Tests.csproj", "{3B798DD9-CE18-4522-9A93-AB646D5488CC}"
EndProject
Global
	GlobalSection(SolutionConfigurationPlatforms) = preSolution
		Debug|Any CPU = Debug|Any CPU
		Release|Any CPU = Release|Any CPU
	EndGlobalSection
	GlobalSection(ProjectConfigurationPlatforms) = postSolution
		{F17C1A1B-086A-4FBF-92D4-DC75E4E8E3FA}.Debug|Any CPU.ActiveCfg = Debug|Any CPU
		{F17C1A1B-086A-4FBF-92D4-DC75E4E8E3FA}.Debug|Any CPU.Build.0 = Debug|Any CPU
		{F17C1A1B-086A-4FBF-92D4-DC75E4E8E3FA}.Release|Any CPU.ActiveCfg = Release|Any CPU
		{F17C1A1B-086A-4FBF-92D4-DC75E4E8E3FA}.Release|Any CPU.Build.0 = Release|Any CPU
		{3B798DD9-CE18-4522-9A93-AB646D5488CC}.Debug|Any CPU.ActiveCfg = Debug|Any CPU
		{3B798DD9-CE18-4522-9A93-AB646D5488CC}.Debug|Any CPU.Build.0 = Debug|Any CPU
		{3B798DD9-CE18-4522-9A93-AB646D5488CC}.Release|Any CPU.ActiveCfg = Release|Any CPU
		{3B798DD9-CE18-4522-9A93-AB646D5488CC}.Release|Any CPU.Build.0 = Release|Any CPU
	EndGlobalSection
	GlobalSection(SolutionProperties) = preSolution
		HideSolutionNode = FALSE
	EndGlobalSection
EndGlobal
